
Microsoft Visual Studio Solution File, Format Version 12.00
# Visual Studio Version 17
VisualStudioVersion = 17.0.31903.59
MinimumVisualStudioVersion = 10.0.40219.1
Project("{2150E333-8FDC-42A3-9474-1A3956D46DE8}") = "src", "src", "{D961FF1B-2835-4E16-827D-4E44A3A479FD}"
EndProject
Project("{FAE04EC0-301F-11D3-BF4B-00C04F79EFBC}") = "Norimsoft.MinimalEndpoints", "src\Norimsoft.MinimalEndpoints\Norimsoft.MinimalEndpoints.csproj", "{C91D16E1-6015-4221-B118-908062E15984}"
EndProject
Project("{2150E333-8FDC-42A3-9474-1A3956D46DE8}") = "items", "items", "{4D33768F-4160-44E0-8DF1-8C0ED98B33EA}"
	ProjectSection(SolutionItems) = preProject
		README.md = README.md
		.gitignore = .gitignore
		ci.yml = .github/workflows/ci.yml
		release.yml = .github/workflows/release.yml
		Makefile = Makefile
		Directory.Build.props = Directory.Build.props
	EndProjectSection
EndProject
Project("{2150E333-8FDC-42A3-9474-1A3956D46DE8}") = "sample", "sample", "{665A1F74-7B04-46D0-9881-CE6F92ADAEBE}"
EndProject
Project("{FAE04EC0-301F-11D3-BF4B-00C04F79EFBC}") = "SampleWebApp", "sample\SampleWebApp\SampleWebApp.csproj", "{68AF0C6F-AE82-4C6C-BE66-86222CF9DF60}"
EndProject
Project("{FAE04EC0-301F-11D3-BF4B-00C04F79EFBC}") = "SampleWebApp.Books", "sample\SampleWebApp.Books\SampleWebApp.Books.csproj", "{818F688B-BB90-48C9-AF3B-8B2F68956690}"
EndProject
Project("{FAE04EC0-301F-11D3-BF4B-00C04F79EFBC}") = "SampleWebApp.Tests", "sample\SampleWebApp.Tests\SampleWebApp.Tests.csproj", "{D537AB9C-8FF5-4381-8A1B-D994F3AF3E6D}"
EndProject
Project("{2150E333-8FDC-42A3-9474-1A3956D46DE8}") = "benchmark", "benchmark", "{E3CCB491-6D2B-44ED-93D3-182498A4D16F}"
EndProject
Project("{FAE04EC0-301F-11D3-BF4B-00C04F79EFBC}") = "Benchmark.App.MinimalEndpoints", "benchmark\Benchmark.App.MinimalEndpoints\Benchmark.App.MinimalEndpoints.csproj", "{47E43515-D93A-4601-A49B-8BA0BB41D429}"
EndProject
Project("{FAE04EC0-301F-11D3-BF4B-00C04F79EFBC}") = "Benchmark.Common", "benchmark\Benchmark.Common\Benchmark.Common.csproj", "{3D74903E-E2FE-48D3-ABF5-2AD833FD576E}"
EndProject
Project("{FAE04EC0-301F-11D3-BF4B-00C04F79EFBC}") = "Benchmark.App.MinimalApi", "benchmark\Benchmark.App.MinimalApi\Benchmark.App.MinimalApi.csproj", "{19A7230F-42AD-47D6-8968-C848E90A60F4}"
EndProject
Project("{FAE04EC0-301F-11D3-BF4B-00C04F79EFBC}") = "Benchmark.App", "benchmark\Benchmark.App\Benchmark.App.csproj", "{99464549-AECD-4CA8-8780-A2B677310FDB}"
EndProject
Global
	GlobalSection(SolutionConfigurationPlatforms) = preSolution
		Debug|Any CPU = Debug|Any CPU
		Release|Any CPU = Release|Any CPU
	EndGlobalSection
	GlobalSection(SolutionProperties) = preSolution
		HideSolutionNode = FALSE
	EndGlobalSection
	GlobalSection(ProjectConfigurationPlatforms) = postSolution
		{C91D16E1-6015-4221-B118-908062E15984}.Debug|Any CPU.ActiveCfg = Debug|Any CPU
		{C91D16E1-6015-4221-B118-908062E15984}.Debug|Any CPU.Build.0 = Debug|Any CPU
		{C91D16E1-6015-4221-B118-908062E15984}.Release|Any CPU.ActiveCfg = Release|Any CPU
		{C91D16E1-6015-4221-B118-908062E15984}.Release|Any CPU.Build.0 = Release|Any CPU
		{68AF0C6F-AE82-4C6C-BE66-86222CF9DF60}.Debug|Any CPU.ActiveCfg = Debug|Any CPU
		{68AF0C6F-AE82-4C6C-BE66-86222CF9DF60}.Debug|Any CPU.Build.0 = Debug|Any CPU
		{68AF0C6F-AE82-4C6C-BE66-86222CF9DF60}.Release|Any CPU.ActiveCfg = Release|Any CPU
		{68AF0C6F-AE82-4C6C-BE66-86222CF9DF60}.Release|Any CPU.Build.0 = Release|Any CPU
		{818F688B-BB90-48C9-AF3B-8B2F68956690}.Debug|Any CPU.ActiveCfg = Debug|Any CPU
		{818F688B-BB90-48C9-AF3B-8B2F68956690}.Debug|Any CPU.Build.0 = Debug|Any CPU
		{818F688B-BB90-48C9-AF3B-8B2F68956690}.Release|Any CPU.ActiveCfg = Release|Any CPU
		{818F688B-BB90-48C9-AF3B-8B2F68956690}.Release|Any CPU.Build.0 = Release|Any CPU
		{D537AB9C-8FF5-4381-8A1B-D994F3AF3E6D}.Debug|Any CPU.ActiveCfg = Debug|Any CPU
		{D537AB9C-8FF5-4381-8A1B-D994F3AF3E6D}.Debug|Any CPU.Build.0 = Debug|Any CPU
		{D537AB9C-8FF5-4381-8A1B-D994F3AF3E6D}.Release|Any CPU.ActiveCfg = Release|Any CPU
		{D537AB9C-8FF5-4381-8A1B-D994F3AF3E6D}.Release|Any CPU.Build.0 = Release|Any CPU
		{47E43515-D93A-4601-A49B-8BA0BB41D429}.Debug|Any CPU.ActiveCfg = Debug|Any CPU
		{47E43515-D93A-4601-A49B-8BA0BB41D429}.Debug|Any CPU.Build.0 = Debug|Any CPU
		{47E43515-D93A-4601-A49B-8BA0BB41D429}.Release|Any CPU.ActiveCfg = Release|Any CPU
		{47E43515-D93A-4601-A49B-8BA0BB41D429}.Release|Any CPU.Build.0 = Release|Any CPU
		{3D74903E-E2FE-48D3-ABF5-2AD833FD576E}.Debug|Any CPU.ActiveCfg = Debug|Any CPU
		{3D74903E-E2FE-48D3-ABF5-2AD833FD576E}.Debug|Any CPU.Build.0 = Debug|Any CPU
		{3D74903E-E2FE-48D3-ABF5-2AD833FD576E}.Release|Any CPU.ActiveCfg = Release|Any CPU
		{3D74903E-E2FE-48D3-ABF5-2AD833FD576E}.Release|Any CPU.Build.0 = Release|Any CPU
		{19A7230F-42AD-47D6-8968-C848E90A60F4}.Debug|Any CPU.ActiveCfg = Debug|Any CPU
		{19A7230F-42AD-47D6-8968-C848E90A60F4}.Debug|Any CPU.Build.0 = Debug|Any CPU
		{19A7230F-42AD-47D6-8968-C848E90A60F4}.Release|Any CPU.ActiveCfg = Release|Any CPU
		{19A7230F-42AD-47D6-8968-C848E90A60F4}.Release|Any CPU.Build.0 = Release|Any CPU
		{99464549-AECD-4CA8-8780-A2B677310FDB}.Debug|Any CPU.ActiveCfg = Debug|Any CPU
		{99464549-AECD-4CA8-8780-A2B677310FDB}.Debug|Any CPU.Build.0 = Debug|Any CPU
		{99464549-AECD-4CA8-8780-A2B677310FDB}.Release|Any CPU.ActiveCfg = Release|Any CPU
		{99464549-AECD-4CA8-8780-A2B677310FDB}.Release|Any CPU.Build.0 = Release|Any CPU
	EndGlobalSection
	GlobalSection(NestedProjects) = preSolution
		{C91D16E1-6015-4221-B118-908062E15984} = {D961FF1B-2835-4E16-827D-4E44A3A479FD}
		{68AF0C6F-AE82-4C6C-BE66-86222CF9DF60} = {665A1F74-7B04-46D0-9881-CE6F92ADAEBE}
		{818F688B-BB90-48C9-AF3B-8B2F68956690} = {665A1F74-7B04-46D0-9881-CE6F92ADAEBE}
		{D537AB9C-8FF5-4381-8A1B-D994F3AF3E6D} = {665A1F74-7B04-46D0-9881-CE6F92ADAEBE}
		{47E43515-D93A-4601-A49B-8BA0BB41D429} = {E3CCB491-6D2B-44ED-93D3-182498A4D16F}
		{3D74903E-E2FE-48D3-ABF5-2AD833FD576E} = {E3CCB491-6D2B-44ED-93D3-182498A4D16F}
		{19A7230F-42AD-47D6-8968-C848E90A60F4} = {E3CCB491-6D2B-44ED-93D3-182498A4D16F}
		{99464549-AECD-4CA8-8780-A2B677310FDB} = {E3CCB491-6D2B-44ED-93D3-182498A4D16F}
	EndGlobalSection
EndGlobal
